PODS:
  - FlutterMacOS (1.0.0)
  - path_provider_foundation (0.0.1):
    - Flutter
    - FlutterMacOS
  - rust_lib_app (0.0.1):
    - FlutterMacOS

DEPENDENCIES:
  - FlutterMacOS (from `Flutter/ephemeral`)
  - path_provider_foundation (from `Flutter/ephemeral/.symlinks/plugins/path_provider_foundation/darwin`)
  - rust_lib_app (from `Flutter/ephemeral/.symlinks/plugins/rust_lib_app/macos`)

EXTERNAL SOURCES:
  FlutterMacOS:
    :path: Flutter/ephemeral
  path_provider_foundation:
    :path: Flutter/ephemeral/.symlinks/plugins/path_provider_foundation/darwin
  rust_lib_app:
    :path: Flutter/ephemeral/.symlinks/plugins/rust_lib_app/macos

SPEC CHECKSUMS:
  FlutterMacOS: d0db08ddef1a9af05a5ec4b724367152bb0500b1
  path_provider_foundation: bb55f6dbba17d0dccd6737fe6f7f34fbd0376880
  rust_lib_app: ce7f4e1e27fa45d14a07375b61b9e3de0149ea49

PODFILE CHECKSUM: 4cd0e9091813b58acbc90c3d9a552abb40698b3b

COCOAPODS: 1.16.2
